// !$*UTF8*$!
{
	archiveVersion = 1;
	classes = {
	};
	objectVersion = 46;
	objects = {

/* Begin PBXBuildFile section */
		92AFBFDD1F31C78700A35FCA /* AppDelegate.swift in Sources */ = {isa = PBXBuildFile; fileRef = 92AFBFDC1F31C78700A35FCA /* AppDelegate.swift */; };
		92AFBFDF1F31C78700A35FCA /* ViewController.swift in Sources */ = {isa = PBXBuildFile; fileRef = 92AFBFDE1F31C78700A35FCA /* ViewController.swift */; };
		92AFBFE21F31C78700A35FCA /* Main.storyboard in Resources */ = {isa = PBXBuildFile; fileRef = 92AFBFE01F31C78700A35FCA /* Main.storyboard */; };
		92AFBFE41F31C78700A35FCA /* Assets.xcassets in Resources */ = {isa = PBXBuildFile; fileRef = 92AFBFE31F31C78700A35FCA /* Assets.xcassets */; };
		92AFBFE71F31C78700A35FCA /* LaunchScreen.storyboard in Resources */ = {isa = PBXBuildFile; fileRef = 92AFBFE51F31C78700A35FCA /* LaunchScreen.storyboard */; };
/* End PBXBuildFile section */

/* Begin PBXFileReference section */
		92AFBFD91F31C78700A35FCA /* ThemeDemo.app */ = {isa = PBXFileReference; explicitFileType = wrapper.application; includeInIndex = 0; path = ThemeDemo.app; sourceTree = BUILT_PRODUCTS_DIR; };
		92AFBFDC1F31C78700A35FCA /* AppDelegate.swift */ = {isa = PBXFileReference; lastKnownFileType = sourcecode.swift; path = AppDelegate.swift; sourceTree = "<group>"; };
		92AFBFDE1F31C78700A35FCA /* ViewController.swift */ = {isa = PBXFileReference; lastKnownFileType = sourcecode.swift; path = ViewController.swift; sourceTree = "<group>"; };
		92AFBFE11F31C78700A35FCA /* Base */ = {isa = PBXFileReference; lastKnownFileType = file.storyboard; name = Base; path = Base.lproj/Main.storyboard; sourceTree = "<group>"; };
		92AFBFE31F31C78700A35FCA /* Assets.xcassets */ = {isa = PBXFileReference; lastKnownFileType = folder.assetcatalog; path = Assets.xcassets; sourceTree = "<group>"; };
		92AFBFE61F31C78700A35FCA /* Base */ = {isa = PBXFileReference; lastKnownFileType = file.storyboard; name = Base; path = Base.lproj/LaunchScreen.storyboard; sourceTree = "<group>"; };
		92AFBFE81F31C78700A35FCA /* Info.plist */ = {isa = PBXFileReference; lastKnownFileType = text.plist.xml; path = Info.plist; sourceTree = "<group>"; };
/* End PBXFileReference section */

/* Begin PBXFrameworksBuildPhase section */
		92AFBFD61F31C78700A35FCA /* Frameworks */ = {
			isa = PBXFrameworksBuildPhase;
			buildActionMask = 2147483647;
			files = (
			);
			runOnlyForDeploymentPostprocessing = 0;
		};
/* End PBXFrameworksBuildPhase section */

/* Begin PBXGroup section */
		92AFBFD01F31C78700A35FCA = {
			isa = PBXGroup;
			children = (
				92AFBFDB1F31C78700A35FCA /* ThemeDemo */,
				92AFBFDA1F31C78700A35FCA /* Products */,
			);
			sourceTree = "<group>";
		};
		92AFBFDA1F31C78700A35FCA /* Products */ = {
			isa = PBXGroup;
			children = (
				92AFBFD91F31C78700A35FCA /* ThemeDemo.app */,
			);
			name = Products;
			sourceTree = "<group>";
		};
		92AFBFDB1F31C78700A35FCA /* ThemeDemo */ = {
			isa = PBXGroup;
			children = (
				92AFBFDC1F31C78700A35FCA /* AppDelegate.swift */,
				92AFBFDE1F31C78700A35FCA /* ViewController.swift */,
				92AFBFE01F31C78700A35FCA /* Main.storyboard */,
				92AFBFE31F31C78700A35FCA /* Assets.xcassets */,
				92AFBFE51F31C78700A35FCA /* LaunchScreen.storyboard */,
				92AFBFE81F31C78700A35FCA /* Info.plist */,
			);
			path = ThemeDemo;
			sourceTree = "<group>";
		};
/* End PBXGroup section */

/* Begin PBXNativeTarget section */
		92AFBFD81F31C78700A35FCA /* ThemeDemo */ = {
			isa = PBXNativeTarget;
			buildConfigurationList = 92AFBFEB1F31C78700A35FCA /* Build configuration list for PBXNativeTarget "ThemeDemo" */;
			buildPhases = (
				92AFBFD51F31C78700A35FCA /* Sources */,
				92AFBFD61F31C78700A35FCA /* Frameworks */,
				92AFBFD71F31C78700A35FCA /* Resources */,
			);
			buildRules = (
			);
			dependencies = (
			);
			name = ThemeDemo;
			productName = ThemeDemo;
			productReference = 92AFBFD91F31C78700A35FCA /* ThemeDemo.app */;
			productType = "com.apple.product-type.application";
		};
/* End PBXNativeTarget section */

/* Begin PBXProject section */
		92AFBFD11F31C78700A35FCA /* Project object */ = {
			isa = PBXProject;
			attributes = {
				LastSwiftUpdateCheck = 0830;
				LastUpgradeCheck = 0830;
				ORGANIZATIONNAME = sseen;
				TargetAttributes = {
					92AFBFD81F31C78700A35FCA = {
						CreatedOnToolsVersion = 8.3.3;
						ProvisioningStyle = Automatic;
					};
				};
			};
			buildConfigurationList = 92AFBFD41F31C78700A35FCA /* Build configuration list for PBXProject "ThemeDemo" */;
			compatibilityVersion = "Xcode 3.2";
			developmentRegion = English;
			hasScannedForEncodings = 0;
			knownRegions = (
				en,
				Base,
			);
			mainGroup = 92AFBFD01F31C78700A35FCA;
			productRefGroup = 92AFBFDA1F31C78700A35FCA /* Products */;
			projectDirPath = "";
			projectRoot = "";
			targets = (
				92AFBFD81F31C78700A35FCA /* ThemeDemo */,
			);
		};
/* End PBXProject section */

/* Begin PBXResourcesBuildPhase section */
		92AFBFD71F31C78700A35FCA /* Resources */ = {
			isa = PBXResourcesBuildPhase;
			buildActionMask = 2147483647;
			files = (
				92AFBFE71F31C78700A35FCA /* LaunchScreen.storyboard in Resources */,
				92AFBFE41F31C78700A35FCA /* Assets.xcassets in Resources */,
				92AFBFE21F31C78700A35FCA /* Main.storyboard in Resources */,
			);
			runOnlyForDeploymentPostprocessing = 0;
		};
/* End PBXResourcesBuildPhase section */

/* Begin PBXSourcesBuildPhase section */
		92AFBFD51F31C78700A35FCA /* Sources */ = {
			isa = PBXSourcesBuildPhase;
			buildActionMask = 2147483647;
			files = (
				92AFBFDF1F31C78700A35FCA /* ViewController.swift in Sources */,
				92AFBFDD1F31C78700A35FCA /* AppDelegate.swift in Sources */,
			);
			runOnlyForDeploymentPostprocessing = 0;
		};
/* End PBXSourcesBuildPhase section */

/* Begin PBXVariantGroup section */
		92AFBFE01F31C78700A35FCA /* Main.storyboard */ = {
			isa = PBXVariantGroup;
			children = (
				92AFBFE11F31C78700A35FCA /* Base */,
			);
			name = Main.storyboard;
			sourceTree = "<group>";
		};
		92AFBFE51F31C78700A35FCA /* LaunchScreen.storyboard */ = {
			isa = PBXVariantGroup;
			children = (
				92AFBFE61F31C78700A35FCA /* Base */,
			);
			name = LaunchScreen.storyboard;
			sourceTree = "<group>";
		};
/* End PBXVariantGroup section */

/* Begin XCBuildConfiguration section */
		92AFBFE91F31C78700A35FCA /* Debug */ = {
			isa = XCBuildConfiguration;
			buildSettings = {
				ALWAYS_SEARCH_USER_PATHS = NO;
				CLANG_ANALYZER_NONNULL = YES;
				CLANG_ANALYZER_NUMBER_OBJECT_CONVERSION = YES_AGGRESSIVE;
				CLANG_CXX_LANGUAGE_STANDARD = "gnu++0x";
				CLANG_CXX_LIBRARY = "libc++";
				CLANG_ENABLE_MODULES = YES;
				CLANG_ENABLE_OBJC_ARC = YES;
				CLANG_WARN_BOOL_CONVERSION = YES;
				CLANG_WARN_CONSTANT_CONVERSION = YES;
				CLANG_WARN_DIRECT_OBJC_ISA_USAGE = YES_ERROR;
				CLANG_WARN_DOCUMENTATION_COMMENTS = YES;
				CLANG_WARN_EMPTY_BODY = YES;
				CLANG_WARN_ENUM_CONVERSION = YES;
				CLANG_WARN_INFINITE_RECURSION = YES;
				CLANG_WARN_INT_CONVERSION = YES;
				CLANG_WARN_OBJC_ROOT_CLASS = YES_ERROR;
				CLANG_WARN_SUSPICIOUS_MOVE = YES;
				CLANG_WARN_UNREACHABLE_CODE = YES;
				CLANG_WARN__DUPLICATE_METHOD_MATCH = YES;
				"CODE_SIGN_IDENTITY[sdk=iphoneos*]" = "iPhone Developer";
				COPY_PHASE_STRIP = NO;
				DEBUG_INFORMATION_FORMAT = dwarf;
				ENABLE_STRICT_OBJC_MSGSEND = YES;
				ENABLE_TESTABILITY = YES;
				GCC_C_LANGUAGE_STANDARD = gnu99;
				GCC_DYNAMIC_NO_PIC = NO;
				GCC_NO_COMMON_BLOCKS = YES;
				GCC_OPTIMIZATION_LEVEL = 0;
				GCC_PREPROCESSOR_DEFINITIONS = (
					"DEBUG=1",
					"$(inherited)",
				);
				GCC_WARN_64_TO_32_BIT_CONVERSION = YES;
				GCC_WARN_ABOUT_RETURN_TYPE = YES_ERROR;
				GCC_WARN_UNDECLARED_SELECTOR = YES;
				GCC_WARN_UNINITIALIZED_AUTOS = YES_AGGRESSIVE;
				GCC_WARN_UNUSED_FUNCTION = YES;
				GCC_WARN_UNUSED_VARIABLE = YES;
				IPHONEOS_DEPLOYMENT_TARGET = 10.3;
				MTL_ENABLE_DEBUG_INFO = YES;
				ONLY_ACTIVE_ARCH = YES;
				SDKROOT = iphoneos;
				SWIFT_ACTIVE_COMPILATION_CONDITIONS = DEBUG;
				SWIFT_OPTIMIZATION_LEVEL = "-Onone";
			};
			name = Debug;
		};
		92AFBFEA1F31C78700A35FCA /* Release */ = {
			isa = XCBuildConfiguration;
			buildSettings = {
				ALWAYS_SEARCH_USER_PATHS = NO;
				CLANG_ANALYZER_NONNULL = YES;
				CLANG_ANALYZER_NUMBER_OBJECT_CONVERSION = YES_AGGRESSIVE;
				CLANG_CXX_LANGUAGE_STANDARD = "gnu++0x";
				CLANG_CXX_LIBRARY = "libc++";
				CLANG_ENABLE_MODULES = YES;
				CLANG_ENABLE_OBJC_ARC = YES;
				CLANG_WARN_BOOL_CONVERSION = YES;
				CLANG_WARN_CONSTANT_CONVERSION = YES;
				CLANG_WARN_DIRECT_OBJC_ISA_USAGE = YES_ERROR;
				CLANG_WARN_DOCUMENTATION_COMMENTS = YES;
				CLANG_WARN_EMPTY_BODY = YES;
				CLANG_WARN_ENUM_CONVERSION = YES;
				CLANG_WARN_INFINITE_RECURSION = YES;
				CLANG_WARN_INT_CONVERSION = YES;
				CLANG_WARN_OBJC_ROOT_CLASS = YES_ERROR;
				CLANG_WARN_SUSPICIOUS_MOVE = YES;
				CLANG_WARN_UNREACHABLE_CODE = YES;
				CLANG_WARN__DUPLICATE_METHOD_MATCH = YES;
				"CODE_SIGN_IDENTITY[sdk=iphoneos*]" = "iPhone Developer";
				COPY_PHASE_STRIP = NO;
				DEBUG_INFORMATION_FORMAT = "dwarf-with-dsym";
				ENABLE_NS_ASSERTIONS = NO;
				ENABLE_STRICT_OBJC_MSGSEND = YES;
				GCC_C_LANGUAGE_STANDARD = gnu99;
				GCC_NO_COMMON_BLOCKS = YES;
				GCC_WARN_64_TO_32_BIT_CONVERSION = YES;
				GCC_WARN_ABOUT_RETURN_TYPE = YES_ERROR;
				GCC_WARN_UNDECLARED_SELECTOR = YES;
				GCC_WARN_UNINITIALIZED_AUTOS = YES_AGGRESSIVE;
				GCC_WARN_UNUSED_FUNCTION = YES;
				GCC_WARN_UNUSED_VARIABLE = YES;
				IPHONEOS_DEPLOYMENT_TARGET = 10.3;
				MTL_ENABLE_DEBUG_INFO = NO;
				SDKROOT = iphoneos;
				SWIFT_OPTIMIZATION_LEVEL = "-Owholemodule";
				VALIDATE_PRODUCT = YES;
			};
			name = Release;
		};
		92AFBFEC1F31C78700A35FCA /* Debug */ = {
			isa = XCBuildConfiguration;
			buildSettings = {
				ASSETCATALOG_COMPILER_APPICON_NAME = AppIcon;
				INFOPLIST_FILE = ThemeDemo/Info.plist;
				LD_RUNPATH_SEARCH_PATHS = "$(inherited) @executable_path/Frameworks";
				PRODUCT_BUNDLE_IDENTIFIER = com.sseen.ThemeDemo;
				PRODUCT_NAME = "$(TARGET_NAME)";
				SWIFT_VERSION = 3.0;
			};
			name = Debug;
		};
		92AFBFED1F31C78700A35FCA /* Release */ = {
			isa = XCBuildConfiguration;
			buildSettings = {
				ASSETCATALOG_COMPILER_APPICON_NAME = AppIcon;
				INFOPLIST_FILE = ThemeDemo/Info.plist;
				LD_RUNPATH_SEARCH_PATHS = "$(inherited) @executable_path/Frameworks";
				PRODUCT_BUNDLE_IDENTIFIER = com.sseen.ThemeDemo;
				PRODUCT_NAME = "$(TARGET_NAME)";
				SWIFT_VERSION = 3.0;
			};
			name = Release;
		};
/* End XCBuildConfiguration section */

/* Begin XCConfigurationList section */
		92AFBFD41F31C78700A35FCA /* Build configuration list for PBXProject "ThemeDemo" */ = {
			isa = XCConfigurationList;
			buildConfigurations = (
				92AFBFE91F31C78700A35FCA /* Debug */,
				92AFBFEA1F31C78700A35FCA /* Release */,
			);
			defaultConfigurationIsVisible = 0;
			defaultConfigurationName = Release;
		};
		92AFBFEB1F31C78700A35FCA /* Build configuration list for PBXNativeTarget "ThemeDemo" */ = {
			isa = XCConfigurationList;
			buildConfigurations = (
				92AFBFEC1F31C78700A35FCA /* Debug */,
				92AFBFED1F31C78700A35FCA /* Release */,
			);
			defaultConfigurationIsVisible = 0;
		};
/* End XCConfigurationList section */
	};
	rootObject = 92AFBFD11F31C78700A35FCA /* Project object */;
}
